
Microsoft Visual Studio Solution File, Format Version 12.00
# Visual Studio 15
VisualStudioVersion = 15.0.28307.539
MinimumVisualStudioVersion = 10.0.40219.1
Project("{FAE04EC0-301F-11D3-BF4B-00C04F79EFBC}") = "HRMSynchronize", "HRMSynchronize\HRMSynchronize.csproj", "{D674E601-95B3-4455-9919-4B4BAB5D1788}"
EndProject
Project("{FAE04EC0-301F-11D3-BF4B-00C04F79EFBC}") = "Helpers", "..\..\WEB\Helpers\Helpers.csproj", "{55C01D98-4671-4692-8A72-27AD83923CA0}"
EndProject
Global
	GlobalSection(SolutionConfigurationPlatforms) = preSolution
		Debug|Any CPU = Debug|Any CPU
		Release|Any CPU = Release|Any CPU
	EndGlobalSection
	GlobalSection(ProjectConfigurationPlatforms) = postSolution
		{D674E601-95B3-4455-9919-4B4BAB5D1788}.Debug|Any CPU.ActiveCfg = Debug|Any CPU
		{D674E601-95B3-4455-9919-4B4BAB5D1788}.Debug|Any CPU.Build.0 = Debug|Any CPU
		{D674E601-95B3-4455-9919-4B4BAB5D1788}.Release|Any CPU.ActiveCfg = Release|Any CPU
		{D674E601-95B3-4455-9919-4B4BAB5D1788}.Release|Any CPU.Build.0 = Release|Any CPU
		{55C01D98-4671-4692-8A72-27AD83923CA0}.Debug|Any CPU.ActiveCfg = Debug|Any CPU
		{55C01D98-4671-4692-8A72-27AD83923CA0}.Debug|Any CPU.Build.0 = Debug|Any CPU
		{55C01D98-4671-4692-8A72-27AD83923CA0}.Release|Any CPU.ActiveCfg = Release|Any CPU
		{55C01D98-4671-4692-8A72-27AD83923CA0}.Release|Any CPU.Build.0 = Release|Any CPU
	EndGlobalSection
	GlobalSection(SolutionProperties) = preSolution
		HideSolutionNode = FALSE
	EndGlobalSection
	GlobalSection(ExtensibilityGlobals) = postSolution
		SolutionGuid = {0ADFF2FB-2701-4DD8-8F99-B4EA2CA7A519}
	EndGlobalSection
EndGlobal
